// !$*UTF8*$!
{
	archiveVersion = 1;
	classes = {
	};
	objectVersion = 46;
	objects = {

/* Begin PBXBuildFile section */
		4C388D251A7CA6BF00719DA2 /* main.m in Sources */ = {isa = PBXBuildFile; fileRef = 4C388D241A7CA6BF00719DA2 /* main.m */; };
		4C388D281A7CA6BF00719DA2 /* AppDelegate.m in Sources */ = {isa = PBXBuildFile; fileRef = 4C388D271A7CA6BF00719DA2 /* AppDelegate.m */; };
		4C388D2B1A7CA6BF00719DA2 /* ViewController.m in Sources */ = {isa = PBXBuildFile; fileRef = 4C388D2A1A7CA6BF00719DA2 /* ViewController.m */; };
		4C388D2E1A7CA6BF00719DA2 /* Main.storyboard in Resources */ = {isa = PBXBuildFile; fileRef = 4C388D2C1A7CA6BF00719DA2 /* Main.storyboard */; };
		4C388D301A7CA6BF00719DA2 /* Images.xcassets in Resources */ = {isa = PBXBuildFile; fileRef = 4C388D2F1A7CA6BF00719DA2 /* Images.xcassets */; };
		4C388D331A7CA6BF00719DA2 /* LaunchScreen.xib in Resources */ = {isa = PBXBuildFile; fileRef = 4C388D311A7CA6BF00719DA2 /* LaunchScreen.xib */; };
		4C388D3F1A7CA6BF00719DA2 /* hacksbTests.m in Sources */ = {isa = PBXBuildFile; fileRef = 4C388D3E1A7CA6BF00719DA2 /* hacksbTests.m */; };
/* End PBXBuildFile section */

/* Begin PBXContainerItemProxy section */
		4C388D391A7CA6BF00719DA2 /* PBXContainerItemProxy */ = {
			isa = PBXContainerItemProxy;
			containerPortal = 4C388D171A7CA6BF00719DA2 /* Project object */;
			proxyType = 1;
			remoteGlobalIDString = 4C388D1E1A7CA6BF00719DA2;
			remoteInfo = hacksb;
		};
/* End PBXContainerItemProxy section */

/* Begin PBXFileReference section */
		4C388D1F1A7CA6BF00719DA2 /* hacksb.app */ = {isa = PBXFileReference; explicitFileType = wrapper.application; includeInIndex = 0; path = hacksb.app; sourceTree = BUILT_PRODUCTS_DIR; };
		4C388D231A7CA6BF00719DA2 /* Info.plist */ = {isa = PBXFileReference; lastKnownFileType = text.plist.xml; path = Info.plist; sourceTree = "<group>"; };
		4C388D241A7CA6BF00719DA2 /* main.m */ = {isa = PBXFileReference; lastKnownFileType = sourcecode.c.objc; path = main.m; sourceTree = "<group>"; };
		4C388D261A7CA6BF00719DA2 /* AppDelegate.h */ = {isa = PBXFileReference; lastKnownFileType = sourcecode.c.h; path = AppDelegate.h; sourceTree = "<group>"; };
		4C388D271A7CA6BF00719DA2 /* AppDelegate.m */ = {isa = PBXFileReference; lastKnownFileType = sourcecode.c.objc; path = AppDelegate.m; sourceTree = "<group>"; };
		4C388D291A7CA6BF00719DA2 /* ViewController.h */ = {isa = PBXFileReference; lastKnownFileType = sourcecode.c.h; path = ViewController.h; sourceTree = "<group>"; };
		4C388D2A1A7CA6BF00719DA2 /* ViewController.m */ = {isa = PBXFileReference; lastKnownFileType = sourcecode.c.objc; path = ViewController.m; sourceTree = "<group>"; };
		4C388D2D1A7CA6BF00719DA2 /* Base */ = {isa = PBXFileReference; lastKnownFileType = file.storyboard; name = Base; path = Base.lproj/Main.storyboard; sourceTree = "<group>"; };
		4C388D2F1A7CA6BF00719DA2 /* Images.xcassets */ = {isa = PBXFileReference; lastKnownFileType = folder.assetcatalog; path = Images.xcassets; sourceTree = "<group>"; };
		4C388D321A7CA6BF00719DA2 /* Base */ = {isa = PBXFileReference; lastKnownFileType = file.xib; name = Base; path = Base.lproj/LaunchScreen.xib; sourceTree = "<group>"; };
		4C388D381A7CA6BF00719DA2 /* hacksbTests.xctest */ = {isa = PBXFileReference; explicitFileType = wrapper.cfbundle; includeInIndex = 0; path = hacksbTests.xctest; sourceTree = BUILT_PRODUCTS_DIR; };
		4C388D3D1A7CA6BF00719DA2 /* Info.plist */ = {isa = PBXFileReference; lastKnownFileType = text.plist.xml; path = Info.plist; sourceTree = "<group>"; };
		4C388D3E1A7CA6BF00719DA2 /* hacksbTests.m */ = {isa = PBXFileReference; lastKnownFileType = sourcecode.c.objc; path = hacksbTests.m; sourceTree = "<group>"; };
/* End PBXFileReference section */

/* Begin PBXFrameworksBuildPhase section */
		4C388D1C1A7CA6BF00719DA2 /* Frameworks */ = {
			isa = PBXFrameworksBuildPhase;
			buildActionMask = 2147483647;
			files = (
			);
			runOnlyForDeploymentPostprocessing = 0;
		};
		4C388D351A7CA6BF00719DA2 /* Frameworks */ = {
			isa = PBXFrameworksBuildPhase;
			buildActionMask = 2147483647;
			files = (
			);
			runOnlyForDeploymentPostprocessing = 0;
		};
/* End PBXFrameworksBuildPhase section */

/* Begin PBXGroup section */
		4C388D161A7CA6BF00719DA2 = {
			isa = PBXGroup;
			children = (
				4C388D211A7CA6BF00719DA2 /* hacksb */,
				4C388D3B1A7CA6BF00719DA2 /* hacksbTests */,
				4C388D201A7CA6BF00719DA2 /* Products */,
			);
			sourceTree = "<group>";
		};
		4C388D201A7CA6BF00719DA2 /* Products */ = {
			isa = PBXGroup;
			children = (
				4C388D1F1A7CA6BF00719DA2 /* hacksb.app */,
				4C388D381A7CA6BF00719DA2 /* hacksbTests.xctest */,
			);
			name = Products;
			sourceTree = "<group>";
		};
		4C388D211A7CA6BF00719DA2 /* hacksb */ = {
			isa = PBXGroup;
			children = (
				4C388D261A7CA6BF00719DA2 /* AppDelegate.h */,
				4C388D271A7CA6BF00719DA2 /* AppDelegate.m */,
				4C388D291A7CA6BF00719DA2 /* ViewController.h */,
				4C388D2A1A7CA6BF00719DA2 /* ViewController.m */,
				4C388D2C1A7CA6BF00719DA2 /* Main.storyboard */,
				4C388D2F1A7CA6BF00719DA2 /* Images.xcassets */,
				4C388D311A7CA6BF00719DA2 /* LaunchScreen.xib */,
				4C388D221A7CA6BF00719DA2 /* Supporting Files */,
			);
			path = hacksb;
			sourceTree = "<group>";
		};
		4C388D221A7CA6BF00719DA2 /* Supporting Files */ = {
			isa = PBXGroup;
			children = (
				4C388D231A7CA6BF00719DA2 /* Info.plist */,
				4C388D241A7CA6BF00719DA2 /* main.m */,
			);
			name = "Supporting Files";
			sourceTree = "<group>";
		};
		4C388D3B1A7CA6BF00719DA2 /* hacksbTests */ = {
			isa = PBXGroup;
			children = (
				4C388D3E1A7CA6BF00719DA2 /* hacksbTests.m */,
				4C388D3C1A7CA6BF00719DA2 /* Supporting Files */,
			);
			path = hacksbTests;
			sourceTree = "<group>";
		};
		4C388D3C1A7CA6BF00719DA2 /* Supporting Files */ = {
			isa = PBXGroup;
			children = (
				4C388D3D1A7CA6BF00719DA2 /* Info.plist */,
			);
			name = "Supporting Files";
			sourceTree = "<group>";
		};
/* End PBXGroup section */

/* Begin PBXNativeTarget section */
		4C388D1E1A7CA6BF00719DA2 /* hacksb */ = {
			isa = PBXNativeTarget;
			buildConfigurationList = 4C388D421A7CA6BF00719DA2 /* Build configuration list for PBXNativeTarget "hacksb" */;
			buildPhases = (
				4C388D1B1A7CA6BF00719DA2 /* Sources */,
				4C388D1C1A7CA6BF00719DA2 /* Frameworks */,
				4C388D1D1A7CA6BF00719DA2 /* Resources */,
			);
			buildRules = (
			);
			dependencies = (
			);
			name = hacksb;
			productName = hacksb;
			productReference = 4C388D1F1A7CA6BF00719DA2 /* hacksb.app */;
			productType = "com.apple.product-type.application";
		};
		4C388D371A7CA6BF00719DA2 /* hacksbTests */ = {
			isa = PBXNativeTarget;
			buildConfigurationList = 4C388D451A7CA6BF00719DA2 /* Build configuration list for PBXNativeTarget "hacksbTests" */;
			buildPhases = (
				4C388D341A7CA6BF00719DA2 /* Sources */,
				4C388D351A7CA6BF00719DA2 /* Frameworks */,
				4C388D361A7CA6BF00719DA2 /* Resources */,
			);
			buildRules = (
			);
			dependencies = (
				4C388D3A1A7CA6BF00719DA2 /* PBXTargetDependency */,
			);
			name = hacksbTests;
			productName = hacksbTests;
			productReference = 4C388D381A7CA6BF00719DA2 /* hacksbTests.xctest */;
			productType = "com.apple.product-type.bundle.unit-test";
		};
/* End PBXNativeTarget section */

/* Begin PBXProject section */
		4C388D171A7CA6BF00719DA2 /* Project object */ = {
			isa = PBXProject;
			attributes = {
				LastUpgradeCheck = 0610;
				ORGANIZATIONNAME = "Michael Chen";
				TargetAttributes = {
					4C388D1E1A7CA6BF00719DA2 = {
						CreatedOnToolsVersion = 6.1.1;
					};
					4C388D371A7CA6BF00719DA2 = {
						CreatedOnToolsVersion = 6.1.1;
						TestTargetID = 4C388D1E1A7CA6BF00719DA2;
					};
				};
			};
			buildConfigurationList = 4C388D1A1A7CA6BF00719DA2 /* Build configuration list for PBXProject "hacksb" */;
			compatibilityVersion = "Xcode 3.2";
			developmentRegion = English;
			hasScannedForEncodings = 0;
			knownRegions = (
				en,
				Base,
			);
			mainGroup = 4C388D161A7CA6BF00719DA2;
			productRefGroup = 4C388D201A7CA6BF00719DA2 /* Products */;
			projectDirPath = "";
			projectRoot = "";
			targets = (
				4C388D1E1A7CA6BF00719DA2 /* hacksb */,
				4C388D371A7CA6BF00719DA2 /* hacksbTests */,
			);
		};
/* End PBXProject section */

/* Begin PBXResourcesBuildPhase section */
		4C388D1D1A7CA6BF00719DA2 /* Resources */ = {
			isa = PBXResourcesBuildPhase;
			buildActionMask = 2147483647;
			files = (
				4C388D2E1A7CA6BF00719DA2 /* Main.storyboard in Resources */,
				4C388D331A7CA6BF00719DA2 /* LaunchScreen.xib in Resources */,
				4C388D301A7CA6BF00719DA2 /* Images.xcassets in Resources */,
			);
			runOnlyForDeploymentPostprocessing = 0;
		};
		4C388D361A7CA6BF00719DA2 /* Resources */ = {
			isa = PBXResourcesBuildPhase;
			buildActionMask = 2147483647;
			files = (
			);
			runOnlyForDeploymentPostprocessing = 0;
		};
/* End PBXResourcesBuildPhase section */

/* Begin PBXSourcesBuildPhase section */
		4C388D1B1A7CA6BF00719DA2 /* Sources */ = {
			isa = PBXSourcesBuildPhase;
			buildActionMask = 2147483647;
			files = (
				4C388D2B1A7CA6BF00719DA2 /* ViewController.m in Sources */,
				4C388D281A7CA6BF00719DA2 /* AppDelegate.m in Sources */,
				4C388D251A7CA6BF00719DA2 /* main.m in Sources */,
			);
			runOnlyForDeploymentPostprocessing = 0;
		};
		4C388D341A7CA6BF00719DA2 /* Sources */ = {
			isa = PBXSourcesBuildPhase;
			buildActionMask = 2147483647;
			files = (
				4C388D3F1A7CA6BF00719DA2 /* hacksbTests.m in Sources */,
			);
			runOnlyForDeploymentPostprocessing = 0;
		};
/* End PBXSourcesBuildPhase section */

/* Begin PBXTargetDependency section */
		4C388D3A1A7CA6BF00719DA2 /* PBXTargetDependency */ = {
			isa = PBXTargetDependency;
			target = 4C388D1E1A7CA6BF00719DA2 /* hacksb */;
			targetProxy = 4C388D391A7CA6BF00719DA2 /* PBXContainerItemProxy */;
		};
/* End PBXTargetDependency section */

/* Begin PBXVariantGroup section */
		4C388D2C1A7CA6BF00719DA2 /* Main.storyboard */ = {
			isa = PBXVariantGroup;
			children = (
				4C388D2D1A7CA6BF00719DA2 /* Base */,
			);
			name = Main.storyboard;
			sourceTree = "<group>";
		};
		4C388D311A7CA6BF00719DA2 /* LaunchScreen.xib */ = {
			isa = PBXVariantGroup;
			children = (
				4C388D321A7CA6BF00719DA2 /* Base */,
			);
			name = LaunchScreen.xib;
			sourceTree = "<group>";
		};
/* End PBXVariantGroup section */

/* Begin XCBuildConfiguration section */
		4C388D401A7CA6BF00719DA2 /* Debug */ = {
			isa = XCBuildConfiguration;
			buildSettings = {
				ALWAYS_SEARCH_USER_PATHS = NO;
				CLANG_CXX_LANGUAGE_STANDARD = "gnu++0x";
				CLANG_CXX_LIBRARY = "libc++";
				CLANG_ENABLE_MODULES = YES;
				CLANG_ENABLE_OBJC_ARC = YES;
				CLANG_WARN_BOOL_CONVERSION = YES;
				CLANG_WARN_CONSTANT_CONVERSION = YES;
				CLANG_WARN_DIRECT_OBJC_ISA_USAGE = YES_ERROR;
				CLANG_WARN_EMPTY_BODY = YES;
				CLANG_WARN_ENUM_CONVERSION = YES;
				CLANG_WARN_INT_CONVERSION = YES;
				CLANG_WARN_OBJC_ROOT_CLASS = YES_ERROR;
				CLANG_WARN_UNREACHABLE_CODE = YES;
				CLANG_WARN__DUPLICATE_METHOD_MATCH = YES;
				"CODE_SIGN_IDENTITY[sdk=iphoneos*]" = "iPhone Developer";
				COPY_PHASE_STRIP = NO;
				ENABLE_STRICT_OBJC_MSGSEND = YES;
				GCC_C_LANGUAGE_STANDARD = gnu99;
				GCC_DYNAMIC_NO_PIC = NO;
				GCC_OPTIMIZATION_LEVEL = 0;
				GCC_PREPROCESSOR_DEFINITIONS = (
					"DEBUG=1",
					"$(inherited)",
				);
				GCC_SYMBOLS_PRIVATE_EXTERN = NO;
				GCC_WARN_64_TO_32_BIT_CONVERSION = YES;
				GCC_WARN_ABOUT_RETURN_TYPE = YES_ERROR;
				GCC_WARN_UNDECLARED_SELECTOR = YES;
				GCC_WARN_UNINITIALIZED_AUTOS = YES_AGGRESSIVE;
				GCC_WARN_UNUSED_FUNCTION = YES;
				GCC_WARN_UNUSED_VARIABLE = YES;
				IPHONEOS_DEPLOYMENT_TARGET = 8.1;
				MTL_ENABLE_DEBUG_INFO = YES;
				ONLY_ACTIVE_ARCH = YES;
				SDKROOT = iphoneos;
			};
			name = Debug;
		};
		4C388D411A7CA6BF00719DA2 /* Release */ = {
			isa = XCBuildConfiguration;
			buildSettings = {
				ALWAYS_SEARCH_USER_PATHS = NO;
				CLANG_CXX_LANGUAGE_STANDARD = "gnu++0x";
				CLANG_CXX_LIBRARY = "libc++";
				CLANG_ENABLE_MODULES = YES;
				CLANG_ENABLE_OBJC_ARC = YES;
				CLANG_WARN_BOOL_CONVERSION = YES;
				CLANG_WARN_CONSTANT_CONVERSION = YES;
				CLANG_WARN_DIRECT_OBJC_ISA_USAGE = YES_ERROR;
				CLANG_WARN_EMPTY_BODY = YES;
				CLANG_WARN_ENUM_CONVERSION = YES;
				CLANG_WARN_INT_CONVERSION = YES;
				CLANG_WARN_OBJC_ROOT_CLASS = YES_ERROR;
				CLANG_WARN_UNREACHABLE_CODE = YES;
				CLANG_WARN__DUPLICATE_METHOD_MATCH = YES;
				"CODE_SIGN_IDENTITY[sdk=iphoneos*]" = "iPhone Developer";
				COPY_PHASE_STRIP = YES;
				ENABLE_NS_ASSERTIONS = NO;
				ENABLE_STRICT_OBJC_MSGSEND = YES;
				GCC_C_LANGUAGE_STANDARD = gnu99;
				GCC_WARN_64_TO_32_BIT_CONVERSION = YES;
				GCC_WARN_ABOUT_RETURN_TYPE = YES_ERROR;
				GCC_WARN_UNDECLARED_SELECTOR = YES;
				GCC_WARN_UNINITIALIZED_AUTOS = YES_AGGRESSIVE;
				GCC_WARN_UNUSED_FUNCTION = YES;
				GCC_WARN_UNUSED_VARIABLE = YES;
				IPHONEOS_DEPLOYMENT_TARGET = 8.1;
				MTL_ENABLE_DEBUG_INFO = NO;
				SDKROOT = iphoneos;
				VALIDATE_PRODUCT = YES;
			};
			name = Release;
		};
		4C388D431A7CA6BF00719DA2 /* Debug */ = {
			isa = XCBuildConfiguration;
			buildSettings = {
				ASSETCATALOG_COMPILER_APPICON_NAME = AppIcon;
				INFOPLIST_FILE = hacksb/Info.plist;
				LD_RUNPATH_SEARCH_PATHS = "$(inherited) @executable_path/Frameworks";
				PRODUCT_NAME = "$(TARGET_NAME)";
			};
			name = Debug;
		};
		4C388D441A7CA6BF00719DA2 /* Release */ = {
			isa = XCBuildConfiguration;
			buildSettings = {
				ASSETCATALOG_COMPILER_APPICON_NAME = AppIcon;
				INFOPLIST_FILE = hacksb/Info.plist;
				LD_RUNPATH_SEARCH_PATHS = "$(inherited) @executable_path/Frameworks";
				PRODUCT_NAME = "$(TARGET_NAME)";
			};
			name = Release;
		};
		4C388D461A7CA6BF00719DA2 /* Debug */ = {
			isa = XCBuildConfiguration;
			buildSettings = {
				BUNDLE_LOADER = "$(TEST_HOST)";
				FRAMEWORK_SEARCH_PATHS = (
					"$(SDKROOT)/Developer/Library/Frameworks",
					"$(inherited)",
				);
				GCC_PREPROCESSOR_DEFINITIONS = (
					"DEBUG=1",
					"$(inherited)",
				);
				INFOPLIST_FILE = hacksbTests/Info.plist;
				LD_RUNPATH_SEARCH_PATHS = "$(inherited) @executable_path/Frameworks @loader_path/Frameworks";
				PRODUCT_NAME = "$(TARGET_NAME)";
				TEST_HOST = "$(BUILT_PRODUCTS_DIR)/hacksb.app/hacksb";
			};
			name = Debug;
		};
		4C388D471A7CA6BF00719DA2 /* Release */ = {
			isa = XCBuildConfiguration;
			buildSettings = {
				BUNDLE_LOADER = "$(TEST_HOST)";
				FRAMEWORK_SEARCH_PATHS = (
					"$(SDKROOT)/Developer/Library/Frameworks",
					"$(inherited)",
				);
				INFOPLIST_FILE = hacksbTests/Info.plist;
				LD_RUNPATH_SEARCH_PATHS = "$(inherited) @executable_path/Frameworks @loader_path/Frameworks";
				PRODUCT_NAME = "$(TARGET_NAME)";
				TEST_HOST = "$(BUILT_PRODUCTS_DIR)/hacksb.app/hacksb";
			};
			name = Release;
		};
/* End XCBuildConfiguration section */

/* Begin XCConfigurationList section */
		4C388D1A1A7CA6BF00719DA2 /* Build configuration list for PBXProject "hacksb" */ = {
			isa = XCConfigurationList;
			buildConfigurations = (
				4C388D401A7CA6BF00719DA2 /* Debug */,
				4C388D411A7CA6BF00719DA2 /* Release */,
			);
			defaultConfigurationIsVisible = 0;
			defaultConfigurationName = Release;
		};
		4C388D421A7CA6BF00719DA2 /* Build configuration list for PBXNativeTarget "hacksb" */ = {
			isa = XCConfigurationList;
			buildConfigurations = (
				4C388D431A7CA6BF00719DA2 /* Debug */,
				4C388D441A7CA6BF00719DA2 /* Release */,
			);
			defaultConfigurationIsVisible = 0;
		};
		4C388D451A7CA6BF00719DA2 /* Build configuration list for PBXNativeTarget "hacksbTests" */ = {
			isa = XCConfigurationList;
			buildConfigurations = (
				4C388D461A7CA6BF00719DA2 /* Debug */,
				4C388D471A7CA6BF00719DA2 /* Release */,
			);
			defaultConfigurationIsVisible = 0;
		};
/* End XCConfigurationList section */
	};
	rootObject = 4C388D171A7CA6BF00719DA2 /* Project object */;
}
